
Microsoft Visual Studio Solution File, Format Version 12.00
# Visual Studio Version 17
VisualStudioVersion = 17.11.35327.3
MinimumVisualStudioVersion = 10.0.40219.1
Project("{FAE04EC0-301F-11D3-BF4B-00C04F79EFBC}") = "GuiderCRUD_API", "GuiderCRUD_API\GuiderCRUD_API.csproj", "{038A1EB0-7F87-46B3-AFE9-157278309EBC}"
EndProject
Global
	GlobalSection(SolutionConfigurationPlatforms) = preSolution
		Debug|Any CPU = Debug|Any CPU
		Release|Any CPU = Release|Any CPU
	EndGlobalSection
	GlobalSection(ProjectConfigurationPlatforms) = postSolution
		{038A1EB0-7F87-46B3-AFE9-157278309EBC}.Debug|Any CPU.ActiveCfg = Debug|Any CPU
		{038A1EB0-7F87-46B3-AFE9-157278309EBC}.Debug|Any CPU.Build.0 = Debug|Any CPU
		{038A1EB0-7F87-46B3-AFE9-157278309EBC}.Release|Any CPU.ActiveCfg = Release|Any CPU
		{038A1EB0-7F87-46B3-AFE9-157278309EBC}.Release|Any CPU.Build.0 = Release|Any CPU
	EndGlobalSection
	GlobalSection(SolutionProperties) = preSolution
		HideSolutionNode = FALSE
	EndGlobalSection
	GlobalSection(ExtensibilityGlobals) = postSolution
		SolutionGuid = {92D70FDA-A54A-47F1-BF69-F4B10708A66D}
	EndGlobalSection
EndGlobal
